
Microsoft Visual Studio Solution File, Format Version 12.00
# Visual Studio Version 17
VisualStudioVersion = 17.10.34916.146
MinimumVisualStudioVersion = 10.0.40219.1
Project("{FAE04EC0-301F-11D3-BF4B-00C04F79EFBC}") = "DSA.Host", "DSA.Host\DSA.Host.csproj", "{BDA2305A-8522-4D21-8C69-F189A0B7BCBE}"
EndProject
Global
	GlobalSection(SolutionConfigurationPlatforms) = preSolution
		Debug|Any CPU = Debug|Any CPU
		Release|Any CPU = Release|Any CPU
	EndGlobalSection
	GlobalSection(ProjectConfigurationPlatforms) = postSolution
		{BDA2305A-8522-4D21-8C69-F189A0B7BCBE}.Debug|Any CPU.ActiveCfg = Debug|Any CPU
		{BDA2305A-8522-4D21-8C69-F189A0B7BCBE}.Debug|Any CPU.Build.0 = Debug|Any CPU
		{BDA2305A-8522-4D21-8C69-F189A0B7BCBE}.Release|Any CPU.ActiveCfg = Release|Any CPU
		{BDA2305A-8522-4D21-8C69-F189A0B7BCBE}.Release|Any CPU.Build.0 = Release|Any CPU
	EndGlobalSection
	GlobalSection(SolutionProperties) = preSolution
		HideSolutionNode = FALSE
	EndGlobalSection
	GlobalSection(ExtensibilityGlobals) = postSolution
		SolutionGuid = {F25F8B22-2D60-44CE-99DC-4DB7E18ABD6E}
	EndGlobalSection
EndGlobal
